// !$*UTF8*$!
{
	archiveVersion = 1;
	classes = {
	};
	objectVersion = 46;
	objects = {

/* Begin PBXBuildFile section */
		36BBE8081CC18DC5002E0647 /* main.m in Sources */ = {isa = PBXBuildFile; fileRef = 36BBE8071CC18DC5002E0647 /* main.m */; };
		36BBE8101CC18DDD002E0647 /* NSMutableString+StringCategory.m in Sources */ = {isa = PBXBuildFile; fileRef = 36BBE80F1CC18DDD002E0647 /* NSMutableString+StringCategory.m */; };
/* End PBXBuildFile section */

/* Begin PBXCopyFilesBuildPhase section */
		36BBE8021CC18DC5002E0647 /* CopyFiles */ = {
			isa = PBXCopyFilesBuildPhase;
			buildActionMask = 2147483647;
			dstPath = /usr/share/man/man1/;
			dstSubfolderSpec = 0;
			files = (
			);
			runOnlyForDeploymentPostprocessing = 1;
		};
/* End PBXCopyFilesBuildPhase section */

/* Begin PBXFileReference section */
		36BBE8041CC18DC5002E0647 /* StringCategory */ = {isa = PBXFileReference; explicitFileType = "compiled.mach-o.executable"; includeInIndex = 0; path = StringCategory; sourceTree = BUILT_PRODUCTS_DIR; };
		36BBE8071CC18DC5002E0647 /* main.m */ = {isa = PBXFileReference; lastKnownFileType = sourcecode.c.objc; path = main.m; sourceTree = "<group>"; };
		36BBE80E1CC18DDD002E0647 /* NSMutableString+StringCategory.h */ = {isa = PBXFileReference; fileEncoding = 4; lastKnownFileType = sourcecode.c.h; path = "NSMutableString+StringCategory.h"; sourceTree = "<group>"; };
		36BBE80F1CC18DDD002E0647 /* NSMutableString+StringCategory.m */ = {isa = PBXFileReference; fileEncoding = 4; lastKnownFileType = sourcecode.c.objc; path = "NSMutableString+StringCategory.m"; sourceTree = "<group>"; };
/* End PBXFileReference section */

/* Begin PBXFrameworksBuildPhase section */
		36BBE8011CC18DC5002E0647 /* Frameworks */ = {
			isa = PBXFrameworksBuildPhase;
			buildActionMask = 2147483647;
			files = (
			);
			runOnlyForDeploymentPostprocessing = 0;
		};
/* End PBXFrameworksBuildPhase section */

/* Begin PBXGroup section */
		36BBE7FB1CC18DC5002E0647 = {
			isa = PBXGroup;
			children = (
				36BBE8061CC18DC5002E0647 /* StringCategory */,
				36BBE8051CC18DC5002E0647 /* Products */,
			);
			sourceTree = "<group>";
		};
		36BBE8051CC18DC5002E0647 /* Products */ = {
			isa = PBXGroup;
			children = (
				36BBE8041CC18DC5002E0647 /* StringCategory */,
			);
			name = Products;
			sourceTree = "<group>";
		};
		36BBE8061CC18DC5002E0647 /* StringCategory */ = {
			isa = PBXGroup;
			children = (
				36BBE8071CC18DC5002E0647 /* main.m */,
				36BBE80E1CC18DDD002E0647 /* NSMutableString+StringCategory.h */,
				36BBE80F1CC18DDD002E0647 /* NSMutableString+StringCategory.m */,
			);
			path = StringCategory;
			sourceTree = "<group>";
		};
/* End PBXGroup section */

/* Begin PBXNativeTarget section */
		36BBE8031CC18DC5002E0647 /* StringCategory */ = {
			isa = PBXNativeTarget;
			buildConfigurationList = 36BBE80B1CC18DC5002E0647 /* Build configuration list for PBXNativeTarget "StringCategory" */;
			buildPhases = (
				36BBE8001CC18DC5002E0647 /* Sources */,
				36BBE8011CC18DC5002E0647 /* Frameworks */,
				36BBE8021CC18DC5002E0647 /* CopyFiles */,
			);
			buildRules = (
			);
			dependencies = (
			);
			name = StringCategory;
			productName = StringCategory;
			productReference = 36BBE8041CC18DC5002E0647 /* StringCategory */;
			productType = "com.apple.product-type.tool";
		};
/* End PBXNativeTarget section */

/* Begin PBXProject section */
		36BBE7FC1CC18DC5002E0647 /* Project object */ = {
			isa = PBXProject;
			attributes = {
				LastUpgradeCheck = 0730;
				ORGANIZATIONNAME = "Luc-Olivier";
				TargetAttributes = {
					36BBE8031CC18DC5002E0647 = {
						CreatedOnToolsVersion = 7.3;
					};
				};
			};
			buildConfigurationList = 36BBE7FF1CC18DC5002E0647 /* Build configuration list for PBXProject "StringCategory" */;
			compatibilityVersion = "Xcode 3.2";
			developmentRegion = English;
			hasScannedForEncodings = 0;
			knownRegions = (
				en,
			);
			mainGroup = 36BBE7FB1CC18DC5002E0647;
			productRefGroup = 36BBE8051CC18DC5002E0647 /* Products */;
			projectDirPath = "";
			projectRoot = "";
			targets = (
				36BBE8031CC18DC5002E0647 /* StringCategory */,
			);
		};
/* End PBXProject section */

/* Begin PBXSourcesBuildPhase section */
		36BBE8001CC18DC5002E0647 /* Sources */ = {
			isa = PBXSourcesBuildPhase;
			buildActionMask = 2147483647;
			files = (
				36BBE8101CC18DDD002E0647 /* NSMutableString+StringCategory.m in Sources */,
				36BBE8081CC18DC5002E0647 /* main.m in Sources */,
			);
			runOnlyForDeploymentPostprocessing = 0;
		};
/* End PBXSourcesBuildPhase section */

/* Begin XCBuildConfiguration section */
		36BBE8091CC18DC5002E0647 /* Debug */ = {
			isa = XCBuildConfiguration;
			buildSettings = {
				ALWAYS_SEARCH_USER_PATHS = NO;
				CLANG_ANALYZER_NONNULL = YES;
				CLANG_CXX_LANGUAGE_STANDARD = "gnu++0x";
				CLANG_CXX_LIBRARY = "libc++";
				CLANG_ENABLE_MODULES = YES;
				CLANG_ENABLE_OBJC_ARC = YES;
				CLANG_WARN_BOOL_CONVERSION = YES;
				CLANG_WARN_CONSTANT_CONVERSION = YES;
				CLANG_WARN_DIRECT_OBJC_ISA_USAGE = YES_ERROR;
				CLANG_WARN_EMPTY_BODY = YES;
				CLANG_WARN_ENUM_CONVERSION = YES;
				CLANG_WARN_INT_CONVERSION = YES;
				CLANG_WARN_OBJC_ROOT_CLASS = YES_ERROR;
				CLANG_WARN_UNREACHABLE_CODE = YES;
				CLANG_WARN__DUPLICATE_METHOD_MATCH = YES;
				CODE_SIGN_IDENTITY = "-";
				COPY_PHASE_STRIP = NO;
				DEBUG_INFORMATION_FORMAT = dwarf;
				ENABLE_STRICT_OBJC_MSGSEND = YES;
				ENABLE_TESTABILITY = YES;
				GCC_C_LANGUAGE_STANDARD = gnu99;
				GCC_DYNAMIC_NO_PIC = NO;
				GCC_NO_COMMON_BLOCKS = YES;
				GCC_OPTIMIZATION_LEVEL = 0;
				GCC_PREPROCESSOR_DEFINITIONS = (
					"DEBUG=1",
					"$(inherited)",
				);
				GCC_WARN_64_TO_32_BIT_CONVERSION = YES;
				GCC_WARN_ABOUT_RETURN_TYPE = YES_ERROR;
				GCC_WARN_UNDECLARED_SELECTOR = YES;
				GCC_WARN_UNINITIALIZED_AUTOS = YES_AGGRESSIVE;
				GCC_WARN_UNUSED_FUNCTION = YES;
				GCC_WARN_UNUSED_VARIABLE = YES;
				MACOSX_DEPLOYMENT_TARGET = 10.11;
				MTL_ENABLE_DEBUG_INFO = YES;
				ONLY_ACTIVE_ARCH = YES;
				SDKROOT = macosx;
			};
			name = Debug;
		};
		36BBE80A1CC18DC5002E0647 /* Release */ = {
			isa = XCBuildConfiguration;
			buildSettings = {
				ALWAYS_SEARCH_USER_PATHS = NO;
				CLANG_ANALYZER_NONNULL = YES;
				CLANG_CXX_LANGUAGE_STANDARD = "gnu++0x";
				CLANG_CXX_LIBRARY = "libc++";
				CLANG_ENABLE_MODULES = YES;
				CLANG_ENABLE_OBJC_ARC = YES;
				CLANG_WARN_BOOL_CONVERSION = YES;
				CLANG_WARN_CONSTANT_CONVERSION = YES;
				CLANG_WARN_DIRECT_OBJC_ISA_USAGE = YES_ERROR;
				CLANG_WARN_EMPTY_BODY = YES;
				CLANG_WARN_ENUM_CONVERSION = YES;
				CLANG_WARN_INT_CONVERSION = YES;
				CLANG_WARN_OBJC_ROOT_CLASS = YES_ERROR;
				CLANG_WARN_UNREACHABLE_CODE = YES;
				CLANG_WARN__DUPLICATE_METHOD_MATCH = YES;
				CODE_SIGN_IDENTITY = "-";
				COPY_PHASE_STRIP = NO;
				DEBUG_INFORMATION_FORMAT = "dwarf-with-dsym";
				ENABLE_NS_ASSERTIONS = NO;
				ENABLE_STRICT_OBJC_MSGSEND = YES;
				GCC_C_LANGUAGE_STANDARD = gnu99;
				GCC_NO_COMMON_BLOCKS = YES;
				GCC_WARN_64_TO_32_BIT_CONVERSION = YES;
				GCC_WARN_ABOUT_RETURN_TYPE = YES_ERROR;
				GCC_WARN_UNDECLARED_SELECTOR = YES;
				GCC_WARN_UNINITIALIZED_AUTOS = YES_AGGRESSIVE;
				GCC_WARN_UNUSED_FUNCTION = YES;
				GCC_WARN_UNUSED_VARIABLE = YES;
				MACOSX_DEPLOYMENT_TARGET = 10.11;
				MTL_ENABLE_DEBUG_INFO = NO;
				SDKROOT = macosx;
			};
			name = Release;
		};
		36BBE80C1CC18DC5002E0647 /* Debug */ = {
			isa = XCBuildConfiguration;
			buildSettings = {
				PRODUCT_NAME = "$(TARGET_NAME)";
			};
			name = Debug;
		};
		36BBE80D1CC18DC5002E0647 /* Release */ = {
			isa = XCBuildConfiguration;
			buildSettings = {
				PRODUCT_NAME = "$(TARGET_NAME)";
			};
			name = Release;
		};
/* End XCBuildConfiguration section */

/* Begin XCConfigurationList section */
		36BBE7FF1CC18DC5002E0647 /* Build configuration list for PBXProject "StringCategory" */ = {
			isa = XCConfigurationList;
			buildConfigurations = (
				36BBE8091CC18DC5002E0647 /* Debug */,
				36BBE80A1CC18DC5002E0647 /* Release */,
			);
			defaultConfigurationIsVisible = 0;
			defaultConfigurationName = Release;
		};
		36BBE80B1CC18DC5002E0647 /* Build configuration list for PBXNativeTarget "StringCategory" */ = {
			isa = XCConfigurationList;
			buildConfigurations = (
				36BBE80C1CC18DC5002E0647 /* Debug */,
				36BBE80D1CC18DC5002E0647 /* Release */,
			);
			defaultConfigurationIsVisible = 0;
		};
/* End XCConfigurationList section */
	};
	rootObject = 36BBE7FC1CC18DC5002E0647 /* Project object */;
}
